github.com/StackExchange/wmi v0.0.0-20190523213315-cbe66965904d h1:G0m3OIz70MZUWq3EgK3CesDbo8upS2Vm9/P3FtgI+Jk=
github.com/StackExchange/wmi v0.0.0-20190523213315-cbe66965904d/go.mod h1:3eOhrUMpNV+6aFIbp5/iudMxNCF27Vw2OZgy4xEx0Fg=
github.com/davecgh/go-spew v1.1.0 h1:ZDRjVQ15GmhC3fiQ8ni8+OwkZQO4DARzQgrnXU1Liz8=
github.com/davecgh/go-spew v1.1.0/go.mod h1:J7Y8YcW2NihsgmVo/mv3lAwl/skON4iLHjSsI+c5H38=
github.com/davecgh/go-spew v1.1.1/go.mod h1:J7Y8YcW2NihsgmVo/mv3lAwl/skON4iLHjSsI+c5H38=
github.com/go-ole/go-ole v1.2.4 h1:nNBDSCOigTSiarFpYE9J/KtEA1IOW4CNeqT9TQDqCxI=
github.com/go-ole/go-ole v1.2.4/go.mod h1:XCwSNxSkXRo4vlyPy93sltvi/qJq0jqQhjqQNIwKuxM=
github.com/goinggo/service v0.0.0-20131023150513-3d039501ab7a h1:hFZtQhLEYIIGoIvA3PWUa4Jnl0nExOH4EVTsFYH/7Lg=
github.com/goinggo/service v0.0.0-20131023150513-3d039501ab7a/go.mod h1:R70j/s2AvFfJioPpZ4mxw0MWeTcXXTSTl1B2d2BsP+Q=
github.com/kardianos/osext v0.0.0-20190222173326-2bc1f35cddc0 h1:iQTw/8FWTuc7uiaSepXwyf3o52HaUYcV+Tu66S3F5GA=
github.com/kardianos/osext v0.0.0-20190222173326-2bc1f35cddc0/go.mod h1:1NbS8ALrpOvjt0rHPNLyCIeMtbizbir8U//inJ+zuB8=
github.com/parnurzeal/gorequest v0.2.16 h1:T/5x+/4BT+nj+3eSknXmCTnEVGSzFzPGdpqmUVVZXHQ=
github.com/parnurzeal/gorequest v0.2.16/go.mod h1:3Kh2QUMJoqw3icWAecsyzkpY7UzRfDhbRdTjtNwNiUE=
github.com/pkg/errors v0.9.1 h1:FEBLx1zS214owpjy7qsBeixbURkuhQAwrK5UwLGTwt4=
github.com/pkg/errors v0.9.1/go.mod h1:bwawxfHBFNV+L2hUp1rHADufV3IMtnDRdf1r5NINEl0=
github.com/pmezard/go-difflib v1.0.0 h1:4DBwDE0NGyQoBHbLQYPwSUPoCMWR5BEzIk/f1lZbAQM=
github.com/pmezard/go-difflib v1.0.0/go.mod h1:iKH77koFhYxTK1pcRnkKkqfTogsbg7gZNVY4sRDYZ/4=
github.com/sevlyar/go-daemon v0.1.5 h1:Zy/6jLbM8CfqJ4x4RPr7MJlSKt90f00kNM1D401C+Qk=
github.com/sevlyar/go-daemon v0.1.5/go.mod h1:6dJpPatBT9eUwM5VCw9Bt6CdX9Tk6UWvhW3MebLDRKE=
github.com/shirou/gopsutil v3.21.3+incompatible h1:uenXGGa8ESCQq+dbgtl916dmg6PSAz2cXov0uORQ9v8=
github.com/shirou/gopsutil v3.21.3+incompatible/go.mod h1:5b4v6he4MtMOwMlS0TUMTu2PcXUg8+E1lC7eC3UO/RA=
github.com/shirou/gopsutil/v3 v3.21.3 h1:wgcdAHZS2H6qy4JFewVTtqfiYxFzCeEJod/mLztdPG8=
github.com/shirou/gopsutil/v3 v3.21.3/go.mod h1:ghfMypLDrFSWN2c9cDYFLHyynQ+QUht0cv/18ZqVczw=
github.com/sirupsen/logrus v1.8.1 h1:dJKuHgqk1NNQlqoA6BTlM1Wf9DOH3NBjQyu0h9+AZZE=
github.com/sirupsen/logrus v1.8.1/go.mod h1:yWOB1SBYBC5VeMP7gHvWumXLIWorT60ONWic61uBYv0=
github.com/stretchr/objx v0.1.0/go.mod h1:HFkY916IF+rwdDfMAkV7OtwuqBVzrE8GR6GFx+wExME=
github.com/stretchr/testify v1.2.2/go.mod h1:a8OnRcib4nhh0OaRAV+Yts87kKdq0PP7pXfy6kDkUVs=
github.com/stretchr/testify v1.6.1 h1:hDPOHmpOpP40lSULcqw7IrRb/u7w6RpDC9399XyoNd0=
github.com/stretchr/testify v1.6.1/go.mod h1:6Fq8oRcR53rry900zMqJjRRixrwX3KX962/h/Wwjteg=
github.com/tklauser/go-sysconf v0.3.4 h1:HT8SVixZd3IzLdfs/xlpq0jeSfTX57g1v6wB1EuzV7M=
github.com/tklauser/go-sysconf v0.3.4/go.mod h1:Cl2c8ZRWfHD5IrfHo9VN+FX9kCFjIOyVklgXycLB6ek=
github.com/tklauser/numcpus v0.2.1 h1:ct88eFm+Q7m2ZfXJdan1xYoXKlmwsfP+k88q05KvlZc=
github.com/tklauser/numcpus v0.2.1/go.mod h1:9aU+wOc6WjUIZEwWMP62PL/41d65P+iks1gBkr4QyP8=
golang.org/x/net v0.0.0-20210405180319-a5a99cb37ef4 h1:4nGaVu0QrbjT/AK2PRLuQfQuh6DJve+pELhqTdAj3x0=
golang.org/x/net v0.0.0-20210405180319-a5a99cb37ef4/go.mod h1:p54w0d4576C0XHj96bSt6lcn1PtDYWL6XObtHCRCNQM=
golang.org/x/sys v0.0.0-20191026070338-33540a1f6037/go.mod h1:h1NjWce9XRLGQEsW7wpKNCjG9DtNlClVuFLEZdDNbEs=
golang.org/x/sys v0.0.0-20201119102817-f84b799fce68/go.mod h1:h1NjWce9XRLGQEsW7wpKNCjG9DtNlClVuFLEZdDNbEs=
golang.org/x/sys v0.0.0-20210217105451-b926d437f341 h1:2/QtM1mL37YmcsT8HaDNHDgTqqFVw+zr8UzMiBVLzYU=
golang.org/x/sys v0.0.0-20210217105451-b926d437f341/go.mod h1:h1NjWce9XRLGQEsW7wpKNCjG9DtNlClVuFLEZdDNbEs=
golang.org/x/sys v0.0.0-20210330210617-4fbd30eecc44 h1:Bli41pIlzTzf3KEY06n+xnzK/BESIg2ze4Pgfh/aI8c=
golang.org/x/sys v0.0.0-20210330210617-4fbd30eecc44/go.mod h1:h1NjWce9XRLGQEsW7wpKNCjG9DtNlClVuFLEZdDNbEs=
golang.org/x/term v0.0.0-20201126162022-7de9c90e9dd1/go.mod h1:bj7SfCRtBDWHUb9snDiAeCFNEtKQo2Wmx5Cou7ajbmo=
golang.org/x/text v0.3.3/go.mod h1:5Zoc/QRtKVWzQhOtBMvqHzDpF6irO9z98xDceosuGiQ=
golang.org/x/tools v0.0.0-20180917221912-90fa682c2a6e/go.mod h1:n7NCudcB/nEzxVGmLbDWY5pfWTLqBcC2KZ6jyYvM4mQ=
gopkg.in/check.v1 v0.0.0-20161208181325-20d25e280405 h1:yhCVgyC4o1eVCa2tZl7eS0r+SDo693bJlVdllGtEeKM=
gopkg.in/check.v1 v0.0.0-20161208181325-20d25e280405/go.mod h1:Co6ibVJAznAaIkqp8huTwlJQCZ016jof/cbN4VW5Yz0=
gopkg.in/yaml.v3 v3.0.0-20200313102051-9f266ea9e77c h1:dUUwHk2QECo/6vqA44rthZ8ie2QXMNeKRTHCNY2nXvo=
gopkg.in/yaml.v3 v3.0.0-20200313102051-9f266ea9e77c/go.mod h1:K4uyk7z7BCEPqu6E+C64Yfv1cQ7kz7rIZviUmN+EgEM=
moul.io/http2curl v1.0.0 h1:6XwpyZOYsgZJrU8exnG87ncVkU1FVCcTRpwzOkTDUi8=
moul.io/http2curl v1.0.0/go.mod h1:f6cULg+e4Md/oW1cYmwW4IWQOVl2lGbmCNGOHvzX2kE=
